
Microsoft Visual Studio Solution File, Format Version 12.00
# Visual Studio 15
VisualStudioVersion = 15.0.27130.2036
MinimumVisualStudioVersion = 10.0.40219.1
Project("{FAE04EC0-301F-11D3-BF4B-00C04F79EFBC}") = "LoungeAPI", "LoungeAPI\LoungeAPI.csproj", "{8F037AF9-4C87-4793-84F1-AE7869B672D8}"
EndProject
Project("{FAE04EC0-301F-11D3-BF4B-00C04F79EFBC}") = "LoungeAngular", "LoungeAngular\LoungeAngular.csproj", "{93C36093-07F3-4607-A58A-D9AD94DC50B3}"
EndProject
Global
	GlobalSection(SolutionConfigurationPlatforms) = preSolution
		Debug|Any CPU = Debug|Any CPU
		Release|Any CPU = Release|Any CPU
	EndGlobalSection
	GlobalSection(ProjectConfigurationPlatforms) = postSolution
		{8F037AF9-4C87-4793-84F1-AE7869B672D8}.Debug|Any CPU.ActiveCfg = Debug|Any CPU
		{8F037AF9-4C87-4793-84F1-AE7869B672D8}.Debug|Any CPU.Build.0 = Debug|Any CPU
		{8F037AF9-4C87-4793-84F1-AE7869B672D8}.Release|Any CPU.ActiveCfg = Release|Any CPU
		{8F037AF9-4C87-4793-84F1-AE7869B672D8}.Release|Any CPU.Build.0 = Release|Any CPU
		{93C36093-07F3-4607-A58A-D9AD94DC50B3}.Debug|Any CPU.ActiveCfg = Debug|Any CPU
		{93C36093-07F3-4607-A58A-D9AD94DC50B3}.Debug|Any CPU.Build.0 = Debug|Any CPU
		{93C36093-07F3-4607-A58A-D9AD94DC50B3}.Release|Any CPU.ActiveCfg = Release|Any CPU
		{93C36093-07F3-4607-A58A-D9AD94DC50B3}.Release|Any CPU.Build.0 = Release|Any CPU
	EndGlobalSection
	GlobalSection(SolutionProperties) = preSolution
		HideSolutionNode = FALSE
	EndGlobalSection
	GlobalSection(ExtensibilityGlobals) = postSolution
		SolutionGuid = {496BE6DC-6109-4C45-A6B9-F94FF66C0187}
	EndGlobalSection
EndGlobal
